
Microsoft Visual Studio Solution File, Format Version 12.00
# Visual Studio 15
VisualStudioVersion = 15.0.36530.23
MinimumVisualStudioVersion = 10.0.40219.1
Project("{FAE04EC0-301F-11D3-BF4B-00C04F79EFBC}") = "WebApplication1", "WebApplication1\WebApplication1.csproj", "{031A78C2-6973-435A-8824-A02A6B0DB52C}"
EndProject
Global
	GlobalSection(SolutionConfigurationPlatforms) = preSolution
		Debug|Any CPU = Debug|Any CPU
		Release|Any CPU = Release|Any CPU
	EndGlobalSection
	GlobalSection(ProjectConfigurationPlatforms) = postSolution
		{031A78C2-6973-435A-8824-A02A6B0DB52C}.Debug|Any CPU.ActiveCfg = Debug|Any CPU
		{031A78C2-6973-435A-8824-A02A6B0DB52C}.Debug|Any CPU.Build.0 = Debug|Any CPU
		{031A78C2-6973-435A-8824-A02A6B0DB52C}.Release|Any CPU.ActiveCfg = Release|Any CPU
		{031A78C2-6973-435A-8824-A02A6B0DB52C}.Release|Any CPU.Build.0 = Release|Any CPU
	EndGlobalSection
	GlobalSection(SolutionProperties) = preSolution
		HideSolutionNode = FALSE
	EndGlobalSection
	GlobalSection(ExtensibilityGlobals) = postSolution
		SolutionGuid = {477207F0-201D-427B-8404-3B4A1B8501D4}
	EndGlobalSection
EndGlobal
